{
	"name": "occ-kernal",
	"version": "0.0.1",
	"lockfileVersion": 2,
	"requires": true,
	"packages": {
		"": {
			"name": "occ-kernal",
			"version": "0.0.1",
			"license": "WTFPL",
			"dependencies": {
				"node-addon-api": "^5.0.0",
				"node-api": "^0.0.1"
			}
		},
		"node_modules/node-addon-api": {
			"version": "5.0.0",
			"resolved": "https://registry.npmjs.org/node-addon-api/-/node-addon-api-5.0.0.tgz",
			"integrity": "sha512-CvkDw2OEnme7ybCykJpVcKH+uAOLV2qLqiyla128dN9TkEWfrYmxG6C2boDe5KcNQqZF3orkqzGgOMvZ/JNekA=="
		},
		"node_modules/node-api": {
			"version": "0.0.1",
			"resolved": "https://registry.npmjs.org/node-api/-/node-api-0.0.1.tgz",
			"integrity": "sha512-cm73hKLsNsuWT8pwwNr2xTq3Vz12TVeysQsxJVzpAWnk4A9exnruMRDigCpp8/iTwVu7Q6b0g41kSYtoA4K+Hw==",
			"engines": {
				"node": "~0.4"
			}
		}
	},
	"dependencies": {
		"node-addon-api": {
			"version": "5.0.0",
			"resolved": "https://registry.npmjs.org/node-addon-api/-/node-addon-api-5.0.0.tgz",
			"integrity": "sha512-CvkDw2OEnme7ybCykJpVcKH+uAOLV2qLqiyla128dN9TkEWfrYmxG6C2boDe5KcNQqZF3orkqzGgOMvZ/JNekA=="
		},
		"node-api": {
			"version": "0.0.1",
			"resolved": "https://registry.npmjs.org/node-api/-/node-api-0.0.1.tgz",
			"integrity": "sha512-cm73hKLsNsuWT8pwwNr2xTq3Vz12TVeysQsxJVzpAWnk4A9exnruMRDigCpp8/iTwVu7Q6b0g41kSYtoA4K+Hw=="
		}
	}
}
